hash: aa2cc77713b57b79c4fc5bd35494fc4077e122137fdd68fa77aab8fdbc4215c8
updated: 2017-06-28T22:24:45.223511-05:00
imports:
- name: github.com/buaazp/fasthttprouter
  version: ade4e2031af3aed7fffd241084aad80a58faf421
- name: github.com/bwmarrin/discordgo
  version: 0993a94b4e1c3291bed2047f583f34792269355c
- name: github.com/gorilla/websocket
  version: ea4d1f681babbce9545c9c5f3d5194a789c89f5b
- name: github.com/karalabe/xgo
  version: 34c7afab9a8eb8bff579e20bdbce9a764ce2a9ab
- name: github.com/klauspost/compress
  version: f3dce52e0576655d55fd69e74b63da96ad1108f3
  subpackages:
  - flate
  - gzip
  - zlib
- name: github.com/klauspost/cpuid
  version: 09cded8978dc9e80714c4d85b0322337b0a1e5e0
- name: github.com/tidwall/gjson
  version: c784c417818f59d6597274642d8ac1d09efc9b01
- name: github.com/tidwall/match
  version: 173748da739a410c5b0b813b956f89ff94730b4c
- name: github.com/valyala/fasthttp
  version: d42167fd04f636e20b005e9934159e95454233c7
  subpackages:
  - fasthttputil
- name: golang.org/x/crypto
  version: 84f24dfdf3c414ed893ca1b318d0045ef5a1f607
  subpackages:
  - nacl/secretbox
  - poly1305
  - salsa20/salsa
- name: layeh.com/gopus
  version: 0ebf989153aa016ef5e77141b08c48e48a79312e
testImports: []
